// !$*UTF8*$!
{
	archiveVersion = 1;
	classes = {
	};
	objectVersion = 50;
	objects = {

/* Begin PBXBuildFile section */
		C2555B1823E7217500AEE1DE /* AppDelegate.swift in Sources */ = {isa = PBXBuildFile; fileRef = C2555B1723E7217500AEE1DE /* AppDelegate.swift */; };
		C2555B1A23E7217500AEE1DE /* SceneDelegate.swift in Sources */ = {isa = PBXBuildFile; fileRef = C2555B1923E7217500AEE1DE /* SceneDelegate.swift */; };
		C2555B1F23E7217500AEE1DE /* Main.storyboard in Resources */ = {isa = PBXBuildFile; fileRef = C2555B1D23E7217500AEE1DE /* Main.storyboard */; };
		C2555B2123E7217700AEE1DE /* Assets.xcassets in Resources */ = {isa = PBXBuildFile; fileRef = C2555B2023E7217700AEE1DE /* Assets.xcassets */; };
		C2555B2423E7217700AEE1DE /* LaunchScreen.storyboard in Resources */ = {isa = PBXBuildFile; fileRef = C2555B2223E7217700AEE1DE /* LaunchScreen.storyboard */; };
		C2555B3023E7241800AEE1DE /* Model.plist in Resources */ = {isa = PBXBuildFile; fileRef = C2555B2F23E7241800AEE1DE /* Model.plist */; };
		C2555B3223E7272E00AEE1DE /* Lesson.swift in Sources */ = {isa = PBXBuildFile; fileRef = C2555B3123E7272E00AEE1DE /* Lesson.swift */; };
		C2555B3423E72DBE00AEE1DE /* LessonController.swift in Sources */ = {isa = PBXBuildFile; fileRef = C2555B3323E72DBE00AEE1DE /* LessonController.swift */; };
		C2555B3623E72DF600AEE1DE /* LessonsListControllers.swift in Sources */ = {isa = PBXBuildFile; fileRef = C2555B3523E72DF600AEE1DE /* LessonsListControllers.swift */; };
		C2555B3823E72EF100AEE1DE /* LessonsListCell.swift in Sources */ = {isa = PBXBuildFile; fileRef = C2555B3723E72EF100AEE1DE /* LessonsListCell.swift */; };
		C2555B3A23E7301E00AEE1DE /* swift.png in Resources */ = {isa = PBXBuildFile; fileRef = C2555B3923E7301E00AEE1DE /* swift.png */; };
		C2DFAEC823E78502003BD626 /* ShareManager.swift in Sources */ = {isa = PBXBuildFile; fileRef = C2DFAEC723E78502003BD626 /* ShareManager.swift */; };
/* End PBXBuildFile section */

/* Begin PBXFileReference section */
		C2555B1423E7217500AEE1DE /* LessonsApp.app */ = {isa = PBXFileReference; explicitFileType = wrapper.application; includeInIndex = 0; path = LessonsApp.app; sourceTree = BUILT_PRODUCTS_DIR; };
		C2555B1723E7217500AEE1DE /* AppDelegate.swift */ = {isa = PBXFileReference; lastKnownFileType = sourcecode.swift; path = AppDelegate.swift; sourceTree = "<group>"; };
		C2555B1923E7217500AEE1DE /* SceneDelegate.swift */ = {isa = PBXFileReference; lastKnownFileType = sourcecode.swift; path = SceneDelegate.swift; sourceTree = "<group>"; };
		C2555B1E23E7217500AEE1DE /* Base */ = {isa = PBXFileReference; lastKnownFileType = file.storyboard; name = Base; path = Base.lproj/Main.storyboard; sourceTree = "<group>"; };
		C2555B2023E7217700AEE1DE /* Assets.xcassets */ = {isa = PBXFileReference; lastKnownFileType = folder.assetcatalog; path = Assets.xcassets; sourceTree = "<group>"; };
		C2555B2323E7217700AEE1DE /* Base */ = {isa = PBXFileReference; lastKnownFileType = file.storyboard; name = Base; path = Base.lproj/LaunchScreen.storyboard; sourceTree = "<group>"; };
		C2555B2523E7217700AEE1DE /* Info.plist */ = {isa = PBXFileReference; lastKnownFileType = text.plist.xml; path = Info.plist; sourceTree = "<group>"; };
		C2555B2F23E7241800AEE1DE /* Model.plist */ = {isa = PBXFileReference; lastKnownFileType = text.plist.xml; path = Model.plist; sourceTree = "<group>"; };
		C2555B3123E7272E00AEE1DE /* Lesson.swift */ = {isa = PBXFileReference; lastKnownFileType = sourcecode.swift; path = Lesson.swift; sourceTree = "<group>"; };
		C2555B3323E72DBE00AEE1DE /* LessonController.swift */ = {isa = PBXFileReference; lastKnownFileType = sourcecode.swift; path = LessonController.swift; sourceTree = "<group>"; };
		C2555B3523E72DF600AEE1DE /* LessonsListControllers.swift */ = {isa = PBXFileReference; lastKnownFileType = sourcecode.swift; path = LessonsListControllers.swift; sourceTree = "<group>"; };
		C2555B3723E72EF100AEE1DE /* LessonsListCell.swift */ = {isa = PBXFileReference; lastKnownFileType = sourcecode.swift; path = LessonsListCell.swift; sourceTree = "<group>"; };
		C2555B3923E7301E00AEE1DE /* swift.png */ = {isa = PBXFileReference; lastKnownFileType = image.png; path = swift.png; sourceTree = "<group>"; };
		C2DFAEC723E78502003BD626 /* ShareManager.swift */ = {isa = PBXFileReference; lastKnownFileType = sourcecode.swift; path = ShareManager.swift; sourceTree = "<group>"; };
/* End PBXFileReference section */

/* Begin PBXFrameworksBuildPhase section */
		C2555B1123E7217500AEE1DE /* Frameworks */ = {
			isa = PBXFrameworksBuildPhase;
			buildActionMask = 2147483647;
			files = (
			);
			runOnlyForDeploymentPostprocessing = 0;
		};
/* End PBXFrameworksBuildPhase section */

/* Begin PBXGroup section */
		C2555B0B23E7217500AEE1DE = {
			isa = PBXGroup;
			children = (
				C2555B1623E7217500AEE1DE /* LessonsApp */,
				C2555B1523E7217500AEE1DE /* Products */,
			);
			sourceTree = "<group>";
		};
		C2555B1523E7217500AEE1DE /* Products */ = {
			isa = PBXGroup;
			children = (
				C2555B1423E7217500AEE1DE /* LessonsApp.app */,
			);
			name = Products;
			sourceTree = "<group>";
		};
		C2555B1623E7217500AEE1DE /* LessonsApp */ = {
			isa = PBXGroup;
			children = (
				C2555B1723E7217500AEE1DE /* AppDelegate.swift */,
				C2555B1923E7217500AEE1DE /* SceneDelegate.swift */,
				C2555B1D23E7217500AEE1DE /* Main.storyboard */,
				C2555B2223E7217700AEE1DE /* LaunchScreen.storyboard */,
				C2555B2B23E722C200AEE1DE /* Model */,
				C2555B2C23E722C900AEE1DE /* Controlles */,
				C2555B2E23E722DF00AEE1DE /* Assets */,
				C2555B2D23E722D900AEE1DE /* Managers */,
				C2555B2523E7217700AEE1DE /* Info.plist */,
			);
			path = LessonsApp;
			sourceTree = "<group>";
		};
		C2555B2B23E722C200AEE1DE /* Model */ = {
			isa = PBXGroup;
			children = (
				C2555B2F23E7241800AEE1DE /* Model.plist */,
				C2555B3123E7272E00AEE1DE /* Lesson.swift */,
			);
			path = Model;
			sourceTree = "<group>";
		};
		C2555B2C23E722C900AEE1DE /* Controlles */ = {
			isa = PBXGroup;
			children = (
				C2555B3323E72DBE00AEE1DE /* LessonController.swift */,
				C2555B3723E72EF100AEE1DE /* LessonsListCell.swift */,
				C2555B3523E72DF600AEE1DE /* LessonsListControllers.swift */,
			);
			path = Controlles;
			sourceTree = "<group>";
		};
		C2555B2D23E722D900AEE1DE /* Managers */ = {
			isa = PBXGroup;
			children = (
				C2DFAEC723E78502003BD626 /* ShareManager.swift */,
			);
			path = Managers;
			sourceTree = "<group>";
		};
		C2555B2E23E722DF00AEE1DE /* Assets */ = {
			isa = PBXGroup;
			children = (
				C2555B3923E7301E00AEE1DE /* swift.png */,
				C2555B2023E7217700AEE1DE /* Assets.xcassets */,
			);
			path = Assets;
			sourceTree = "<group>";
		};
/* End PBXGroup section */

/* Begin PBXNativeTarget section */
		C2555B1323E7217500AEE1DE /* LessonsApp */ = {
			isa = PBXNativeTarget;
			buildConfigurationList = C2555B2823E7217700AEE1DE /* Build configuration list for PBXNativeTarget "LessonsApp" */;
			buildPhases = (
				C2555B1023E7217500AEE1DE /* Sources */,
				C2555B1123E7217500AEE1DE /* Frameworks */,
				C2555B1223E7217500AEE1DE /* Resources */,
			);
			buildRules = (
			);
			dependencies = (
			);
			name = LessonsApp;
			productName = LessonsApp;
			productReference = C2555B1423E7217500AEE1DE /* LessonsApp.app */;
			productType = "com.apple.product-type.application";
		};
/* End PBXNativeTarget section */

/* Begin PBXProject section */
		C2555B0C23E7217500AEE1DE /* Project object */ = {
			isa = PBXProject;
			attributes = {
				LastSwiftUpdateCheck = 1130;
				LastUpgradeCheck = 1130;
				ORGANIZATIONNAME = "Денис Андреев";
				TargetAttributes = {
					C2555B1323E7217500AEE1DE = {
						CreatedOnToolsVersion = 11.3;
					};
				};
			};
			buildConfigurationList = C2555B0F23E7217500AEE1DE /* Build configuration list for PBXProject "LessonsApp" */;
			compatibilityVersion = "Xcode 9.3";
			developmentRegion = en;
			hasScannedForEncodings = 0;
			knownRegions = (
				en,
				Base,
			);
			mainGroup = C2555B0B23E7217500AEE1DE;
			productRefGroup = C2555B1523E7217500AEE1DE /* Products */;
			projectDirPath = "";
			projectRoot = "";
			targets = (
				C2555B1323E7217500AEE1DE /* LessonsApp */,
			);
		};
/* End PBXProject section */

/* Begin PBXResourcesBuildPhase section */
		C2555B1223E7217500AEE1DE /* Resources */ = {
			isa = PBXResourcesBuildPhase;
			buildActionMask = 2147483647;
			files = (
				C2555B2423E7217700AEE1DE /* LaunchScreen.storyboard in Resources */,
				C2555B3023E7241800AEE1DE /* Model.plist in Resources */,
				C2555B3A23E7301E00AEE1DE /* swift.png in Resources */,
				C2555B2123E7217700AEE1DE /* Assets.xcassets in Resources */,
				C2555B1F23E7217500AEE1DE /* Main.storyboard in Resources */,
			);
			runOnlyForDeploymentPostprocessing = 0;
		};
/* End PBXResourcesBuildPhase section */

/* Begin PBXSourcesBuildPhase section */
		C2555B1023E7217500AEE1DE /* Sources */ = {
			isa = PBXSourcesBuildPhase;
			buildActionMask = 2147483647;
			files = (
				C2555B3623E72DF600AEE1DE /* LessonsListControllers.swift in Sources */,
				C2DFAEC823E78502003BD626 /* ShareManager.swift in Sources */,
				C2555B3223E7272E00AEE1DE /* Lesson.swift in Sources */,
				C2555B3423E72DBE00AEE1DE /* LessonController.swift in Sources */,
				C2555B1823E7217500AEE1DE /* AppDelegate.swift in Sources */,
				C2555B1A23E7217500AEE1DE /* SceneDelegate.swift in Sources */,
				C2555B3823E72EF100AEE1DE /* LessonsListCell.swift in Sources */,
			);
			runOnlyForDeploymentPostprocessing = 0;
		};
/* End PBXSourcesBuildPhase section */

/* Begin PBXVariantGroup section */
		C2555B1D23E7217500AEE1DE /* Main.storyboard */ = {
			isa = PBXVariantGroup;
			children = (
				C2555B1E23E7217500AEE1DE /* Base */,
			);
			name = Main.storyboard;
			sourceTree = "<group>";
		};
		C2555B2223E7217700AEE1DE /* LaunchScreen.storyboard */ = {
			isa = PBXVariantGroup;
			children = (
				C2555B2323E7217700AEE1DE /* Base */,
			);
			name = LaunchScreen.storyboard;
			sourceTree = "<group>";
		};
/* End PBXVariantGroup section */

/* Begin XCBuildConfiguration section */
		C2555B2623E7217700AEE1DE /* Debug */ = {
			isa = XCBuildConfiguration;
			buildSettings = {
				ALWAYS_SEARCH_USER_PATHS = NO;
				CLANG_ANALYZER_NONNULL = YES;
				CLANG_ANALYZER_NUMBER_OBJECT_CONVERSION = YES_AGGRESSIVE;
				CLANG_CXX_LANGUAGE_STANDARD = "gnu++14";
				CLANG_CXX_LIBRARY = "libc++";
				CLANG_ENABLE_MODULES = YES;
				CLANG_ENABLE_OBJC_ARC = YES;
				CLANG_ENABLE_OBJC_WEAK = YES;
				CLANG_WARN_BLOCK_CAPTURE_AUTORELEASING = YES;
				CLANG_WARN_BOOL_CONVERSION = YES;
				CLANG_WARN_COMMA = YES;
				CLANG_WARN_CONSTANT_CONVERSION = YES;
				CLANG_WARN_DEPRECATED_OBJC_IMPLEMENTATIONS = YES;
				CLANG_WARN_DIRECT_OBJC_ISA_USAGE = YES_ERROR;
				CLANG_WARN_DOCUMENTATION_COMMENTS = YES;
				CLANG_WARN_EMPTY_BODY = YES;
				CLANG_WARN_ENUM_CONVERSION = YES;
				CLANG_WARN_INFINITE_RECURSION = YES;
				CLANG_WARN_INT_CONVERSION = YES;
				CLANG_WARN_NON_LITERAL_NULL_CONVERSION = YES;
				CLANG_WARN_OBJC_IMPLICIT_RETAIN_SELF = YES;
				CLANG_WARN_OBJC_LITERAL_CONVERSION = YES;
				CLANG_WARN_OBJC_ROOT_CLASS = YES_ERROR;
				CLANG_WARN_RANGE_LOOP_ANALYSIS = YES;
				CLANG_WARN_STRICT_PROTOTYPES = YES;
				CLANG_WARN_SUSPICIOUS_MOVE = YES;
				CLANG_WARN_UNGUARDED_AVAILABILITY = YES_AGGRESSIVE;
				CLANG_WARN_UNREACHABLE_CODE = YES;
				CLANG_WARN__DUPLICATE_METHOD_MATCH = YES;
				COPY_PHASE_STRIP = NO;
				DEBUG_INFORMATION_FORMAT = dwarf;
				ENABLE_STRICT_OBJC_MSGSEND = YES;
				ENABLE_TESTABILITY = YES;
				GCC_C_LANGUAGE_STANDARD = gnu11;
				GCC_DYNAMIC_NO_PIC = NO;
				GCC_NO_COMMON_BLOCKS = YES;
				GCC_OPTIMIZATION_LEVEL = 0;
				GCC_PREPROCESSOR_DEFINITIONS = (
					"DEBUG=1",
					"$(inherited)",
				);
				GCC_WARN_64_TO_32_BIT_CONVERSION = YES;
				GCC_WARN_ABOUT_RETURN_TYPE = YES_ERROR;
				GCC_WARN_UNDECLARED_SELECTOR = YES;
				GCC_WARN_UNINITIALIZED_AUTOS = YES_AGGRESSIVE;
				GCC_WARN_UNUSED_FUNCTION = YES;
				GCC_WARN_UNUSED_VARIABLE = YES;
				IPHONEOS_DEPLOYMENT_TARGET = 13.2;
				MTL_ENABLE_DEBUG_INFO = INCLUDE_SOURCE;
				MTL_FAST_MATH = YES;
				ONLY_ACTIVE_ARCH = YES;
				SDKROOT = iphoneos;
				SWIFT_ACTIVE_COMPILATION_CONDITIONS = DEBUG;
				SWIFT_OPTIMIZATION_LEVEL = "-Onone";
			};
			name = Debug;
		};
		C2555B2723E7217700AEE1DE /* Release */ = {
			isa = XCBuildConfiguration;
			buildSettings = {
				ALWAYS_SEARCH_USER_PATHS = NO;
				CLANG_ANALYZER_NONNULL = YES;
				CLANG_ANALYZER_NUMBER_OBJECT_CONVERSION = YES_AGGRESSIVE;
				CLANG_CXX_LANGUAGE_STANDARD = "gnu++14";
				CLANG_CXX_LIBRARY = "libc++";
				CLANG_ENABLE_MODULES = YES;
				CLANG_ENABLE_OBJC_ARC = YES;
				CLANG_ENABLE_OBJC_WEAK = YES;
				CLANG_WARN_BLOCK_CAPTURE_AUTORELEASING = YES;
				CLANG_WARN_BOOL_CONVERSION = YES;
				CLANG_WARN_COMMA = YES;
				CLANG_WARN_CONSTANT_CONVERSION = YES;
				CLANG_WARN_DEPRECATED_OBJC_IMPLEMENTATIONS = YES;
				CLANG_WARN_DIRECT_OBJC_ISA_USAGE = YES_ERROR;
				CLANG_WARN_DOCUMENTATION_COMMENTS = YES;
				CLANG_WARN_EMPTY_BODY = YES;
				CLANG_WARN_ENUM_CONVERSION = YES;
				CLANG_WARN_INFINITE_RECURSION = YES;
				CLANG_WARN_INT_CONVERSION = YES;
				CLANG_WARN_NON_LITERAL_NULL_CONVERSION = YES;
				CLANG_WARN_OBJC_IMPLICIT_RETAIN_SELF = YES;
				CLANG_WARN_OBJC_LITERAL_CONVERSION = YES;
				CLANG_WARN_OBJC_ROOT_CLASS = YES_ERROR;
				CLANG_WARN_RANGE_LOOP_ANALYSIS = YES;
				CLANG_WARN_STRICT_PROTOTYPES = YES;
				CLANG_WARN_SUSPICIOUS_MOVE = YES;
				CLANG_WARN_UNGUARDED_AVAILABILITY = YES_AGGRESSIVE;
				CLANG_WARN_UNREACHABLE_CODE = YES;
				CLANG_WARN__DUPLICATE_METHOD_MATCH = YES;
				COPY_PHASE_STRIP = NO;
				DEBUG_INFORMATION_FORMAT = "dwarf-with-dsym";
				ENABLE_NS_ASSERTIONS = NO;
				ENABLE_STRICT_OBJC_MSGSEND = YES;
				GCC_C_LANGUAGE_STANDARD = gnu11;
				GCC_NO_COMMON_BLOCKS = YES;
				GCC_WARN_64_TO_32_BIT_CONVERSION = YES;
				GCC_WARN_ABOUT_RETURN_TYPE = YES_ERROR;
				GCC_WARN_UNDECLARED_SELECTOR = YES;
				GCC_WARN_UNINITIALIZED_AUTOS = YES_AGGRESSIVE;
				GCC_WARN_UNUSED_FUNCTION = YES;
				GCC_WARN_UNUSED_VARIABLE = YES;
				IPHONEOS_DEPLOYMENT_TARGET = 13.2;
				MTL_ENABLE_DEBUG_INFO = NO;
				MTL_FAST_MATH = YES;
				SDKROOT = iphoneos;
				SWIFT_COMPILATION_MODE = wholemodule;
				SWIFT_OPTIMIZATION_LEVEL = "-O";
				VALIDATE_PRODUCT = YES;
			};
			name = Release;
		};
		C2555B2923E7217700AEE1DE /* Debug */ = {
			isa = XCBuildConfiguration;
			buildSettings = {
				ASSETCATALOG_COMPILER_APPICON_NAME = AppIcon;
				CODE_SIGN_STYLE = Automatic;
				DEVELOPMENT_TEAM = VAD68YH3ZG;
				INFOPLIST_FILE = LessonsApp/Info.plist;
				LD_RUNPATH_SEARCH_PATHS = (
					"$(inherited)",
					"@executable_path/Frameworks",
				);
				PRODUCT_BUNDLE_IDENTIFIER = "-.LessonsApp";
				PRODUCT_NAME = "$(TARGET_NAME)";
				SWIFT_VERSION = 5.0;
				TARGETED_DEVICE_FAMILY = "1,2";
			};
			name = Debug;
		};
		C2555B2A23E7217700AEE1DE /* Release */ = {
			isa = XCBuildConfiguration;
			buildSettings = {
				ASSETCATALOG_COMPILER_APPICON_NAME = AppIcon;
				CODE_SIGN_STYLE = Automatic;
				DEVELOPMENT_TEAM = VAD68YH3ZG;
				INFOPLIST_FILE = LessonsApp/Info.plist;
				LD_RUNPATH_SEARCH_PATHS = (
					"$(inherited)",
					"@executable_path/Frameworks",
				);
				PRODUCT_BUNDLE_IDENTIFIER = "-.LessonsApp";
				PRODUCT_NAME = "$(TARGET_NAME)";
				SWIFT_VERSION = 5.0;
				TARGETED_DEVICE_FAMILY = "1,2";
			};
			name = Release;
		};
/* End XCBuildConfiguration section */

/* Begin XCConfigurationList section */
		C2555B0F23E7217500AEE1DE /* Build configuration list for PBXProject "LessonsApp" */ = {
			isa = XCConfigurationList;
			buildConfigurations = (
				C2555B2623E7217700AEE1DE /* Debug */,
				C2555B2723E7217700AEE1DE /* Release */,
			);
			defaultConfigurationIsVisible = 0;
			defaultConfigurationName = Release;
		};
		C2555B2823E7217700AEE1DE /* Build configuration list for PBXNativeTarget "LessonsApp" */ = {
			isa = XCConfigurationList;
			buildConfigurations = (
				C2555B2923E7217700AEE1DE /* Debug */,
				C2555B2A23E7217700AEE1DE /* Release */,
			);
			defaultConfigurationIsVisible = 0;
			defaultConfigurationName = Release;
		};
/* End XCConfigurationList section */
	};
	rootObject = C2555B0C23E7217500AEE1DE /* Project object */;
}
